
Microsoft Visual Studio Solution File, Format Version 12.00
# Visual Studio Version 17
VisualStudioVersion = 17.0.31903.59
MinimumVisualStudioVersion = 10.0.40219.1
Project("{FAE04EC0-301F-11D3-BF4B-00C04F79EFBC}") = "CatalogApi", "CatalogApi\CatalogApi.csproj", "{A8C69DCC-F06C-4BA4-8BA8-8F3D4F33385B}"
EndProject
Project("{FAE04EC0-301F-11D3-BF4B-00C04F79EFBC}") = "BuildingBlocks", "BuildingBlocks\BuildingBlocks.csproj", "{824F66F8-01CF-4E75-8F78-648F5B5434D8}"
EndProject
Project("{FAE04EC0-301F-11D3-BF4B-00C04F79EFBC}") = "BasketApi", "BasketApi\BasketApi.csproj", "{73773E0D-0EF6-43FA-9783-F1E4D8CC1BAF}"
EndProject
Project("{FAE04EC0-301F-11D3-BF4B-00C04F79EFBC}") = "DiscountGrpc", "DiscountGrpc\DiscountGrpc.csproj", "{01983621-8458-46EB-95A2-FC7667E79E2D}"
EndProject
Project("{2150E333-8FDC-42A3-9474-1A3956D46DE8}") = "Ordering", "Ordering", "{FAB2A6D2-3DE0-768B-8FC5-8CFB9338A7C7}"
EndProject
Project("{FAE04EC0-301F-11D3-BF4B-00C04F79EFBC}") = "Domain", "Ordering\Domain\Domain.csproj", "{180D76DE-9011-44E5-8DA5-A1764A006F01}"
EndProject
Project("{FAE04EC0-301F-11D3-BF4B-00C04F79EFBC}") = "Infrastructure", "Ordering\Infrastructure\Infrastructure.csproj", "{7218F2A1-18B7-4EAF-86A4-1BB7C2858AD1}"
EndProject
Project("{FAE04EC0-301F-11D3-BF4B-00C04F79EFBC}") = "Application", "Ordering\Application\Application.csproj", "{B366F096-CEB4-4A13-A648-6EA7BE58638E}"
EndProject
Project("{FAE04EC0-301F-11D3-BF4B-00C04F79EFBC}") = "BuildingBlocks.Messaging", "BuildingBlocks.Messaging\BuildingBlocks.Messaging.csproj", "{FADCBE52-DAAB-45A3-A108-CD10710953CF}"
EndProject
Global
	GlobalSection(SolutionConfigurationPlatforms) = preSolution
		Debug|Any CPU = Debug|Any CPU
		Debug|x64 = Debug|x64
		Debug|x86 = Debug|x86
		Release|Any CPU = Release|Any CPU
		Release|x64 = Release|x64
		Release|x86 = Release|x86
	EndGlobalSection
	GlobalSection(ProjectConfigurationPlatforms) = postSolution
		{A8C69DCC-F06C-4BA4-8BA8-8F3D4F33385B}.Debug|Any CPU.ActiveCfg = Debug|Any CPU
		{A8C69DCC-F06C-4BA4-8BA8-8F3D4F33385B}.Debug|Any CPU.Build.0 = Debug|Any CPU
		{A8C69DCC-F06C-4BA4-8BA8-8F3D4F33385B}.Debug|x64.ActiveCfg = Debug|Any CPU
		{A8C69DCC-F06C-4BA4-8BA8-8F3D4F33385B}.Debug|x64.Build.0 = Debug|Any CPU
		{A8C69DCC-F06C-4BA4-8BA8-8F3D4F33385B}.Debug|x86.ActiveCfg = Debug|Any CPU
		{A8C69DCC-F06C-4BA4-8BA8-8F3D4F33385B}.Debug|x86.Build.0 = Debug|Any CPU
		{A8C69DCC-F06C-4BA4-8BA8-8F3D4F33385B}.Release|Any CPU.ActiveCfg = Release|Any CPU
		{A8C69DCC-F06C-4BA4-8BA8-8F3D4F33385B}.Release|Any CPU.Build.0 = Release|Any CPU
		{A8C69DCC-F06C-4BA4-8BA8-8F3D4F33385B}.Release|x64.ActiveCfg = Release|Any CPU
		{A8C69DCC-F06C-4BA4-8BA8-8F3D4F33385B}.Release|x64.Build.0 = Release|Any CPU
		{A8C69DCC-F06C-4BA4-8BA8-8F3D4F33385B}.Release|x86.ActiveCfg = Release|Any CPU
		{A8C69DCC-F06C-4BA4-8BA8-8F3D4F33385B}.Release|x86.Build.0 = Release|Any CPU
		{824F66F8-01CF-4E75-8F78-648F5B5434D8}.Debug|Any CPU.ActiveCfg = Debug|Any CPU
		{824F66F8-01CF-4E75-8F78-648F5B5434D8}.Debug|Any CPU.Build.0 = Debug|Any CPU
		{824F66F8-01CF-4E75-8F78-648F5B5434D8}.Debug|x64.ActiveCfg = Debug|Any CPU
		{824F66F8-01CF-4E75-8F78-648F5B5434D8}.Debug|x64.Build.0 = Debug|Any CPU
		{824F66F8-01CF-4E75-8F78-648F5B5434D8}.Debug|x86.ActiveCfg = Debug|Any CPU
		{824F66F8-01CF-4E75-8F78-648F5B5434D8}.Debug|x86.Build.0 = Debug|Any CPU
		{824F66F8-01CF-4E75-8F78-648F5B5434D8}.Release|Any CPU.ActiveCfg = Release|Any CPU
		{824F66F8-01CF-4E75-8F78-648F5B5434D8}.Release|Any CPU.Build.0 = Release|Any CPU
		{824F66F8-01CF-4E75-8F78-648F5B5434D8}.Release|x64.ActiveCfg = Release|Any CPU
		{824F66F8-01CF-4E75-8F78-648F5B5434D8}.Release|x64.Build.0 = Release|Any CPU
		{824F66F8-01CF-4E75-8F78-648F5B5434D8}.Release|x86.ActiveCfg = Release|Any CPU
		{824F66F8-01CF-4E75-8F78-648F5B5434D8}.Release|x86.Build.0 = Release|Any CPU
		{73773E0D-0EF6-43FA-9783-F1E4D8CC1BAF}.Debug|Any CPU.ActiveCfg = Debug|Any CPU
		{73773E0D-0EF6-43FA-9783-F1E4D8CC1BAF}.Debug|Any CPU.Build.0 = Debug|Any CPU
		{73773E0D-0EF6-43FA-9783-F1E4D8CC1BAF}.Debug|x64.ActiveCfg = Debug|Any CPU
		{73773E0D-0EF6-43FA-9783-F1E4D8CC1BAF}.Debug|x64.Build.0 = Debug|Any CPU
		{73773E0D-0EF6-43FA-9783-F1E4D8CC1BAF}.Debug|x86.ActiveCfg = Debug|Any CPU
		{73773E0D-0EF6-43FA-9783-F1E4D8CC1BAF}.Debug|x86.Build.0 = Debug|Any CPU
		{73773E0D-0EF6-43FA-9783-F1E4D8CC1BAF}.Release|Any CPU.ActiveCfg = Release|Any CPU
		{73773E0D-0EF6-43FA-9783-F1E4D8CC1BAF}.Release|Any CPU.Build.0 = Release|Any CPU
		{73773E0D-0EF6-43FA-9783-F1E4D8CC1BAF}.Release|x64.ActiveCfg = Release|Any CPU
		{73773E0D-0EF6-43FA-9783-F1E4D8CC1BAF}.Release|x64.Build.0 = Release|Any CPU
		{73773E0D-0EF6-43FA-9783-F1E4D8CC1BAF}.Release|x86.ActiveCfg = Release|Any CPU
		{73773E0D-0EF6-43FA-9783-F1E4D8CC1BAF}.Release|x86.Build.0 = Release|Any CPU
		{01983621-8458-46EB-95A2-FC7667E79E2D}.Debug|Any CPU.ActiveCfg = Debug|Any CPU
		{01983621-8458-46EB-95A2-FC7667E79E2D}.Debug|Any CPU.Build.0 = Debug|Any CPU
		{01983621-8458-46EB-95A2-FC7667E79E2D}.Debug|x64.ActiveCfg = Debug|Any CPU
		{01983621-8458-46EB-95A2-FC7667E79E2D}.Debug|x64.Build.0 = Debug|Any CPU
		{01983621-8458-46EB-95A2-FC7667E79E2D}.Debug|x86.ActiveCfg = Debug|Any CPU
		{01983621-8458-46EB-95A2-FC7667E79E2D}.Debug|x86.Build.0 = Debug|Any CPU
		{01983621-8458-46EB-95A2-FC7667E79E2D}.Release|Any CPU.ActiveCfg = Release|Any CPU
		{01983621-8458-46EB-95A2-FC7667E79E2D}.Release|Any CPU.Build.0 = Release|Any CPU
		{01983621-8458-46EB-95A2-FC7667E79E2D}.Release|x64.ActiveCfg = Release|Any CPU
		{01983621-8458-46EB-95A2-FC7667E79E2D}.Release|x64.Build.0 = Release|Any CPU
		{01983621-8458-46EB-95A2-FC7667E79E2D}.Release|x86.ActiveCfg = Release|Any CPU
		{01983621-8458-46EB-95A2-FC7667E79E2D}.Release|x86.Build.0 = Release|Any CPU
		{180D76DE-9011-44E5-8DA5-A1764A006F01}.Debug|Any CPU.ActiveCfg = Debug|Any CPU
		{180D76DE-9011-44E5-8DA5-A1764A006F01}.Debug|Any CPU.Build.0 = Debug|Any CPU
		{180D76DE-9011-44E5-8DA5-A1764A006F01}.Debug|x64.ActiveCfg = Debug|Any CPU
		{180D76DE-9011-44E5-8DA5-A1764A006F01}.Debug|x64.Build.0 = Debug|Any CPU
		{180D76DE-9011-44E5-8DA5-A1764A006F01}.Debug|x86.ActiveCfg = Debug|Any CPU
		{180D76DE-9011-44E5-8DA5-A1764A006F01}.Debug|x86.Build.0 = Debug|Any CPU
		{180D76DE-9011-44E5-8DA5-A1764A006F01}.Release|Any CPU.ActiveCfg = Release|Any CPU
		{180D76DE-9011-44E5-8DA5-A1764A006F01}.Release|Any CPU.Build.0 = Release|Any CPU
		{180D76DE-9011-44E5-8DA5-A1764A006F01}.Release|x64.ActiveCfg = Release|Any CPU
		{180D76DE-9011-44E5-8DA5-A1764A006F01}.Release|x64.Build.0 = Release|Any CPU
		{180D76DE-9011-44E5-8DA5-A1764A006F01}.Release|x86.ActiveCfg = Release|Any CPU
		{180D76DE-9011-44E5-8DA5-A1764A006F01}.Release|x86.Build.0 = Release|Any CPU
		{7218F2A1-18B7-4EAF-86A4-1BB7C2858AD1}.Debug|Any CPU.ActiveCfg = Debug|Any CPU
		{7218F2A1-18B7-4EAF-86A4-1BB7C2858AD1}.Debug|Any CPU.Build.0 = Debug|Any CPU
		{7218F2A1-18B7-4EAF-86A4-1BB7C2858AD1}.Debug|x64.ActiveCfg = Debug|Any CPU
		{7218F2A1-18B7-4EAF-86A4-1BB7C2858AD1}.Debug|x64.Build.0 = Debug|Any CPU
		{7218F2A1-18B7-4EAF-86A4-1BB7C2858AD1}.Debug|x86.ActiveCfg = Debug|Any CPU
		{7218F2A1-18B7-4EAF-86A4-1BB7C2858AD1}.Debug|x86.Build.0 = Debug|Any CPU
		{7218F2A1-18B7-4EAF-86A4-1BB7C2858AD1}.Release|Any CPU.ActiveCfg = Release|Any CPU
		{7218F2A1-18B7-4EAF-86A4-1BB7C2858AD1}.Release|Any CPU.Build.0 = Release|Any CPU
		{7218F2A1-18B7-4EAF-86A4-1BB7C2858AD1}.Release|x64.ActiveCfg = Release|Any CPU
		{7218F2A1-18B7-4EAF-86A4-1BB7C2858AD1}.Release|x64.Build.0 = Release|Any CPU
		{7218F2A1-18B7-4EAF-86A4-1BB7C2858AD1}.Release|x86.ActiveCfg = Release|Any CPU
		{7218F2A1-18B7-4EAF-86A4-1BB7C2858AD1}.Release|x86.Build.0 = Release|Any CPU
		{B366F096-CEB4-4A13-A648-6EA7BE58638E}.Debug|Any CPU.ActiveCfg = Debug|Any CPU
		{B366F096-CEB4-4A13-A648-6EA7BE58638E}.Debug|Any CPU.Build.0 = Debug|Any CPU
		{B366F096-CEB4-4A13-A648-6EA7BE58638E}.Debug|x64.ActiveCfg = Debug|Any CPU
		{B366F096-CEB4-4A13-A648-6EA7BE58638E}.Debug|x64.Build.0 = Debug|Any CPU
		{B366F096-CEB4-4A13-A648-6EA7BE58638E}.Debug|x86.ActiveCfg = Debug|Any CPU
		{B366F096-CEB4-4A13-A648-6EA7BE58638E}.Debug|x86.Build.0 = Debug|Any CPU
		{B366F096-CEB4-4A13-A648-6EA7BE58638E}.Release|Any CPU.ActiveCfg = Release|Any CPU
		{B366F096-CEB4-4A13-A648-6EA7BE58638E}.Release|Any CPU.Build.0 = Release|Any CPU
		{B366F096-CEB4-4A13-A648-6EA7BE58638E}.Release|x64.ActiveCfg = Release|Any CPU
		{B366F096-CEB4-4A13-A648-6EA7BE58638E}.Release|x64.Build.0 = Release|Any CPU
		{B366F096-CEB4-4A13-A648-6EA7BE58638E}.Release|x86.ActiveCfg = Release|Any CPU
		{B366F096-CEB4-4A13-A648-6EA7BE58638E}.Release|x86.Build.0 = Release|Any CPU
		{FADCBE52-DAAB-45A3-A108-CD10710953CF}.Debug|Any CPU.ActiveCfg = Debug|Any CPU
		{FADCBE52-DAAB-45A3-A108-CD10710953CF}.Debug|Any CPU.Build.0 = Debug|Any CPU
		{FADCBE52-DAAB-45A3-A108-CD10710953CF}.Debug|x64.ActiveCfg = Debug|Any CPU
		{FADCBE52-DAAB-45A3-A108-CD10710953CF}.Debug|x64.Build.0 = Debug|Any CPU
		{FADCBE52-DAAB-45A3-A108-CD10710953CF}.Debug|x86.ActiveCfg = Debug|Any CPU
		{FADCBE52-DAAB-45A3-A108-CD10710953CF}.Debug|x86.Build.0 = Debug|Any CPU
		{FADCBE52-DAAB-45A3-A108-CD10710953CF}.Release|Any CPU.ActiveCfg = Release|Any CPU
		{FADCBE52-DAAB-45A3-A108-CD10710953CF}.Release|Any CPU.Build.0 = Release|Any CPU
		{FADCBE52-DAAB-45A3-A108-CD10710953CF}.Release|x64.ActiveCfg = Release|Any CPU
		{FADCBE52-DAAB-45A3-A108-CD10710953CF}.Release|x64.Build.0 = Release|Any CPU
		{FADCBE52-DAAB-45A3-A108-CD10710953CF}.Release|x86.ActiveCfg = Release|Any CPU
		{FADCBE52-DAAB-45A3-A108-CD10710953CF}.Release|x86.Build.0 = Release|Any CPU
	EndGlobalSection
	GlobalSection(SolutionProperties) = preSolution
		HideSolutionNode = FALSE
	EndGlobalSection
	GlobalSection(NestedProjects) = preSolution
		{180D76DE-9011-44E5-8DA5-A1764A006F01} = {FAB2A6D2-3DE0-768B-8FC5-8CFB9338A7C7}
		{7218F2A1-18B7-4EAF-86A4-1BB7C2858AD1} = {FAB2A6D2-3DE0-768B-8FC5-8CFB9338A7C7}
		{B366F096-CEB4-4A13-A648-6EA7BE58638E} = {FAB2A6D2-3DE0-768B-8FC5-8CFB9338A7C7}
	EndGlobalSection
EndGlobal
